{
  "name": "QD-web",
  "lockfileVersion": 3,
  "requires": true,
  "packages": {
    "": {
      "dependencies": {
        "@dcloudio/uni-ui": "^1.5.7",
        "js-sha256": "^0.11.1"
      }
    },
    "node_modules/@dcloudio/uni-ui": {
      "version": "1.5.7",
      "resolved": "https://registry.npmjs.org/@dcloudio/uni-ui/-/uni-ui-1.5.7.tgz",
      "integrity": "sha512-DugxSIrQrze1FLdUOj9a+JEQ0bHGjnJTcGUK1mN/MivKg7nuKJBRWk5Ipa9sUdoBznX6ndz5h2e7Uao6x1CdCw=="
    },
    "node_modules/js-sha256": {
      "version": "0.11.1",
      "resolved": "https://registry.npmjs.org/js-sha256/-/js-sha256-0.11.1.tgz",
      "integrity": "sha512-o6WSo/LUvY2uC4j7mO50a2ms7E/EAdbP0swigLV+nzHKTTaYnaLIWJ02VdXrsJX0vGedDESQnLsOekr94ryfjg==",
      "license": "MIT"
    }
  }
}
